
Microsoft Visual Studio Solution File, Format Version 12.00
# Visual Studio Version 16
VisualStudioVersion = 16.0.31729.503
MinimumVisualStudioVersion = 10.0.40219.1
Project("{FAE04EC0-301F-11D3-BF4B-00C04F79EFBC}") = "CajeroAuutomatico", "CajeroAuutomatico\CajeroAuutomatico.csproj", "{D9FD34CC-9569-4910-94C5-EC12E0C55BF2}"
EndProject
Global
	GlobalSection(SolutionConfigurationPlatforms) = preSolution
		Debug|Any CPU = Debug|Any CPU
		Release|Any CPU = Release|Any CPU
	EndGlobalSection
	GlobalSection(ProjectConfigurationPlatforms) = postSolution
		{D9FD34CC-9569-4910-94C5-EC12E0C55BF2}.Debug|Any CPU.ActiveCfg = Debug|Any CPU
		{D9FD34CC-9569-4910-94C5-EC12E0C55BF2}.Debug|Any CPU.Build.0 = Debug|Any CPU
		{D9FD34CC-9569-4910-94C5-EC12E0C55BF2}.Release|Any CPU.ActiveCfg = Release|Any CPU
		{D9FD34CC-9569-4910-94C5-EC12E0C55BF2}.Release|Any CPU.Build.0 = Release|Any CPU
	EndGlobalSection
	GlobalSection(SolutionProperties) = preSolution
		HideSolutionNode = FALSE
	EndGlobalSection
	GlobalSection(ExtensibilityGlobals) = postSolution
		SolutionGuid = {C0D9B873-D35C-45C7-9DD1-50109E86ABD0}
	EndGlobalSection
EndGlobal
